// !$*UTF8*$!
{
	archiveVersion = 1;
	classes = {
	};
	objectVersion = 55;
	objects = {

/* Begin PBXBuildFile section */
		27DCFBEC2E232685A3BEBBED /* Pods_UsersApp.framework in Frameworks */ = {isa = PBXBuildFile; fileRef = 47047CF194A87044581048A4 /* Pods_UsersApp.framework */; };
		92D861AB285D054500B5388C /* AppDelegate.swift in Sources */ = {isa = PBXBuildFile; fileRef = 92D861AA285D054500B5388C /* AppDelegate.swift */; };
		92D861AD285D054500B5388C /* SceneDelegate.swift in Sources */ = {isa = PBXBuildFile; fileRef = 92D861AC285D054500B5388C /* SceneDelegate.swift */; };
		92D861AF285D054500B5388C /* UserListingContoller.swift in Sources */ = {isa = PBXBuildFile; fileRef = 92D861AE285D054500B5388C /* UserListingContoller.swift */; };
		92D861B2285D054500B5388C /* Main.storyboard in Resources */ = {isa = PBXBuildFile; fileRef = 92D861B0285D054500B5388C /* Main.storyboard */; };
		92D861B4285D054600B5388C /* Assets.xcassets in Resources */ = {isa = PBXBuildFile; fileRef = 92D861B3285D054600B5388C /* Assets.xcassets */; };
		92D861B7285D054600B5388C /* LaunchScreen.storyboard in Resources */ = {isa = PBXBuildFile; fileRef = 92D861B5285D054600B5388C /* LaunchScreen.storyboard */; };
		92D861DD285D075900B5388C /* UIColorExtension.swift in Sources */ = {isa = PBXBuildFile; fileRef = 92D861DC285D075900B5388C /* UIColorExtension.swift */; };
		92D861E0285D084500B5388C /* ThemeManager.swift in Sources */ = {isa = PBXBuildFile; fileRef = 92D861DF285D084500B5388C /* ThemeManager.swift */; };
		92D861E4285D091E00B5388C /* BaseThemeColors.swift in Sources */ = {isa = PBXBuildFile; fileRef = 92D861E3285D091E00B5388C /* BaseThemeColors.swift */; };
		92D861E8285D0C1000B5388C /* UsersTableView.swift in Sources */ = {isa = PBXBuildFile; fileRef = 92D861E7285D0C1000B5388C /* UsersTableView.swift */; };
		92D861EE285D0E2900B5388C /* UsersCell.swift in Sources */ = {isa = PBXBuildFile; fileRef = 92D861EC285D0E2900B5388C /* UsersCell.swift */; };
		92D861EF285D0E2900B5388C /* UsersCell.xib in Resources */ = {isa = PBXBuildFile; fileRef = 92D861ED285D0E2900B5388C /* UsersCell.xib */; };
		92D861F3285D11E400B5388C /* GetUsersCommand.swift in Sources */ = {isa = PBXBuildFile; fileRef = 92D861F2285D11E400B5388C /* GetUsersCommand.swift */; };
		92D861F6285D121000B5388C /* CommonCommand.swift in Sources */ = {isa = PBXBuildFile; fileRef = 92D861F5285D121000B5388C /* CommonCommand.swift */; };
		92D861FB285D142600B5388C /* User.swift in Sources */ = {isa = PBXBuildFile; fileRef = 92D861FA285D142600B5388C /* User.swift */; };
		92D861FE285D148600B5388C /* Location.swift in Sources */ = {isa = PBXBuildFile; fileRef = 92D861FD285D148600B5388C /* Location.swift */; };
		92D86202285D14AE00B5388C /* Coordinates.swift in Sources */ = {isa = PBXBuildFile; fileRef = 92D86201285D14AE00B5388C /* Coordinates.swift */; };
		92D86204285D14B700B5388C /* Street.swift in Sources */ = {isa = PBXBuildFile; fileRef = 92D86203285D14B700B5388C /* Street.swift */; };
		92D86207285D154000B5388C /* Name.swift in Sources */ = {isa = PBXBuildFile; fileRef = 92D86206285D154000B5388C /* Name.swift */; };
		92D8620A285D159400B5388C /* Picture.swift in Sources */ = {isa = PBXBuildFile; fileRef = 92D86209285D159400B5388C /* Picture.swift */; };
		92D8620D285D242100B5388C /* SingleUserController.swift in Sources */ = {isa = PBXBuildFile; fileRef = 92D8620C285D242100B5388C /* SingleUserController.swift */; };
		92D8620F285D242D00B5388C /* SingleUserController.xib in Resources */ = {isa = PBXBuildFile; fileRef = 92D8620E285D242D00B5388C /* SingleUserController.xib */; };
		92D86211285D251D00B5388C /* UserSelectionCommand.swift in Sources */ = {isa = PBXBuildFile; fileRef = 92D86210285D251D00B5388C /* UserSelectionCommand.swift */; };
		92D86229285D47C900B5388C /* TabbarEnum.swift in Sources */ = {isa = PBXBuildFile; fileRef = 92D86228285D47C900B5388C /* TabbarEnum.swift */; };
		92D8622B285D47DB00B5388C /* UserApiDataProvider.swift in Sources */ = {isa = PBXBuildFile; fileRef = 92D8622A285D47DB00B5388C /* UserApiDataProvider.swift */; };
		92D8622D285D47E900B5388C /* UserLocalDataProvider.swift in Sources */ = {isa = PBXBuildFile; fileRef = 92D8622C285D47E900B5388C /* UserLocalDataProvider.swift */; };
		92D86230285D482000B5388C /* Result.swift in Sources */ = {isa = PBXBuildFile; fileRef = 92D8622F285D482000B5388C /* Result.swift */; };
		92D86232285D4B3600B5388C /* UserRealm.swift in Sources */ = {isa = PBXBuildFile; fileRef = 92D86231285D4B3600B5388C /* UserRealm.swift */; };
		92D86234285D4B4700B5388C /* NameRealm.swift in Sources */ = {isa = PBXBuildFile; fileRef = 92D86233285D4B4700B5388C /* NameRealm.swift */; };
		92D86236285D4B5000B5388C /* PictureRealm.swift in Sources */ = {isa = PBXBuildFile; fileRef = 92D86235285D4B5000B5388C /* PictureRealm.swift */; };
		92D86238285D4B6700B5388C /* CoordinatesRealm.swift in Sources */ = {isa = PBXBuildFile; fileRef = 92D86237285D4B6700B5388C /* CoordinatesRealm.swift */; };
		92D8623A285D4B7000B5388C /* StreetRealm.swift in Sources */ = {isa = PBXBuildFile; fileRef = 92D86239285D4B7000B5388C /* StreetRealm.swift */; };
		92D8623C285D4B7A00B5388C /* LocationRealm.swift in Sources */ = {isa = PBXBuildFile; fileRef = 92D8623B285D4B7A00B5388C /* LocationRealm.swift */; };
		92D86240285D540000B5388C /* IndicatorView.swift in Sources */ = {isa = PBXBuildFile; fileRef = 92D8623F285D540000B5388C /* IndicatorView.swift */; };
		92D86243285D541400B5388C /* IndicatorView.xib in Resources */ = {isa = PBXBuildFile; fileRef = 92D86242285D541400B5388C /* IndicatorView.xib */; };
		92D86247285D550900B5388C /* Loader.swift in Sources */ = {isa = PBXBuildFile; fileRef = 92D86246285D550900B5388C /* Loader.swift */; };
		92D8624A285D555100B5388C /* BaseCustomView.swift in Sources */ = {isa = PBXBuildFile; fileRef = 92D86249285D555100B5388C /* BaseCustomView.swift */; };
		92D8624C285D558E00B5388C /* UIViewExtension.swift in Sources */ = {isa = PBXBuildFile; fileRef = 92D8624B285D558E00B5388C /* UIViewExtension.swift */; };
		92D8624F285D5B2000B5388C /* BaseViewController.swift in Sources */ = {isa = PBXBuildFile; fileRef = 92D8624E285D5B2000B5388C /* BaseViewController.swift */; };
		92D86251285D62F500B5388C /* ButtonStates.swift in Sources */ = {isa = PBXBuildFile; fileRef = 92D86250285D62F500B5388C /* ButtonStates.swift */; };
		92D86254285D657600B5388C /* BaseUserDataProvider.swift in Sources */ = {isa = PBXBuildFile; fileRef = 92D86253285D657600B5388C /* BaseUserDataProvider.swift */; };
		92D86259285DBD3500B5388C /* GlobalExtension.swift in Sources */ = {isa = PBXBuildFile; fileRef = 92D86258285DBD3500B5388C /* GlobalExtension.swift */; };
		92D8625C285DC62B00B5388C /* ToastView.swift in Sources */ = {isa = PBXBuildFile; fileRef = 92D8625B285DC62B00B5388C /* ToastView.swift */; };
		92D86260285DC6A900B5388C /* OpenToastCommand.swift in Sources */ = {isa = PBXBuildFile; fileRef = 92D8625F285DC6A900B5388C /* OpenToastCommand.swift */; };
		92D86262285DC6B700B5388C /* ToastViewConfig.swift in Sources */ = {isa = PBXBuildFile; fileRef = 92D86261285DC6B700B5388C /* ToastViewConfig.swift */; };
/* End PBXBuildFile section */

/* Begin PBXContainerItemProxy section */
		92D861BE285D054600B5388C /* PBXContainerItemProxy */ = {
			isa = PBXContainerItemProxy;
			containerPortal = 92D8619F285D054500B5388C /* Project object */;
			proxyType = 1;
			remoteGlobalIDString = 92D861A6285D054500B5388C;
			remoteInfo = RenderforestUsers;
		};
		92D861C8285D054600B5388C /* PBXContainerItemProxy */ = {
			isa = PBXContainerItemProxy;
			containerPortal = 92D8619F285D054500B5388C /* Project object */;
			proxyType = 1;
			remoteGlobalIDString = 92D861A6285D054500B5388C;
			remoteInfo = RenderforestUsers;
		};
/* End PBXContainerItemProxy section */

/* Begin PBXFileReference section */
		08EE08FC6328201729FD1D7F /* Pods-RenderforestUsers.debug.xcconfig */ = {isa = PBXFileReference; includeInIndex = 1; lastKnownFileType = text.xcconfig; name = "Pods-RenderforestUsers.debug.xcconfig"; path = "Target Support Files/Pods-RenderforestUsers/Pods-RenderforestUsers.debug.xcconfig"; sourceTree = "<group>"; };
		47047CF194A87044581048A4 /* Pods_UsersApp.framework */ = {isa = PBXFileReference; explicitFileType = wrapper.framework; includeInIndex = 0; path = Pods_UsersApp.framework; sourceTree = BUILT_PRODUCTS_DIR; };
		699C474B714E5A0F7C73D264 /* Pods-UsersApp.debug.xcconfig */ = {isa = PBXFileReference; includeInIndex = 1; lastKnownFileType = text.xcconfig; name = "Pods-UsersApp.debug.xcconfig"; path = "Target Support Files/Pods-UsersApp/Pods-UsersApp.debug.xcconfig"; sourceTree = "<group>"; };
		7FB8755001EE43A6481EB186 /* Pods-RenderforestUsers.release.xcconfig */ = {isa = PBXFileReference; includeInIndex = 1; lastKnownFileType = text.xcconfig; name = "Pods-RenderforestUsers.release.xcconfig"; path = "Target Support Files/Pods-RenderforestUsers/Pods-RenderforestUsers.release.xcconfig"; sourceTree = "<group>"; };
		92D861A7285D054500B5388C /* UsersApp.app */ = {isa = PBXFileReference; explicitFileType = wrapper.application; includeInIndex = 0; path = UsersApp.app; sourceTree = BUILT_PRODUCTS_DIR; };
		92D861AA285D054500B5388C /* AppDelegate.swift */ = {isa = PBXFileReference; lastKnownFileType = sourcecode.swift; path = AppDelegate.swift; sourceTree = "<group>"; };
		92D861AC285D054500B5388C /* SceneDelegate.swift */ = {isa = PBXFileReference; lastKnownFileType = sourcecode.swift; path = SceneDelegate.swift; sourceTree = "<group>"; };
		92D861AE285D054500B5388C /* UserListingContoller.swift */ = {isa = PBXFileReference; lastKnownFileType = sourcecode.swift; path = UserListingContoller.swift; sourceTree = "<group>"; };
		92D861B1285D054500B5388C /* Base */ = {isa = PBXFileReference; lastKnownFileType = file.storyboard; name = Base; path = Base.lproj/Main.storyboard; sourceTree = "<group>"; };
		92D861B3285D054600B5388C /* Assets.xcassets */ = {isa = PBXFileReference; lastKnownFileType = folder.assetcatalog; path = Assets.xcassets; sourceTree = "<group>"; };
		92D861B6285D054600B5388C /* Base */ = {isa = PBXFileReference; lastKnownFileType = file.storyboard; name = Base; path = Base.lproj/LaunchScreen.storyboard; sourceTree = "<group>"; };
		92D861B8285D054600B5388C /* Info.plist */ = {isa = PBXFileReference; lastKnownFileType = text.plist.xml; path = Info.plist; sourceTree = "<group>"; };
		92D861BD285D054600B5388C /* UsersAppTests.xctest */ = {isa = PBXFileReference; explicitFileType = wrapper.cfbundle; includeInIndex = 0; path = UsersAppTests.xctest; sourceTree = BUILT_PRODUCTS_DIR; };
		92D861C7285D054600B5388C /* UsersAppUITests.xctest */ = {isa = PBXFileReference; explicitFileType = wrapper.cfbundle; includeInIndex = 0; path = UsersAppUITests.xctest; sourceTree = BUILT_PRODUCTS_DIR; };
		92D861DC285D075900B5388C /* UIColorExtension.swift */ = {isa = PBXFileReference; lastKnownFileType = sourcecode.swift; path = UIColorExtension.swift; sourceTree = "<group>"; };
		92D861DF285D084500B5388C /* ThemeManager.swift */ = {isa = PBXFileReference; lastKnownFileType = sourcecode.swift; path = ThemeManager.swift; sourceTree = "<group>"; };
		92D861E3285D091E00B5388C /* BaseThemeColors.swift */ = {isa = PBXFileReference; lastKnownFileType = sourcecode.swift; path = BaseThemeColors.swift; sourceTree = "<group>"; };
		92D861E7285D0C1000B5388C /* UsersTableView.swift */ = {isa = PBXFileReference; lastKnownFileType = sourcecode.swift; path = UsersTableView.swift; sourceTree = "<group>"; };
		92D861EC285D0E2900B5388C /* UsersCell.swift */ = {isa = PBXFileReference; lastKnownFileType = sourcecode.swift; path = UsersCell.swift; sourceTree = "<group>"; };
		92D861ED285D0E2900B5388C /* UsersCell.xib */ = {isa = PBXFileReference; lastKnownFileType = file.xib; path = UsersCell.xib; sourceTree = "<group>"; };
		92D861F2285D11E400B5388C /* GetUsersCommand.swift */ = {isa = PBXFileReference; lastKnownFileType = sourcecode.swift; path = GetUsersCommand.swift; sourceTree = "<group>"; };
		92D861F5285D121000B5388C /* CommonCommand.swift */ = {isa = PBXFileReference; lastKnownFileType = sourcecode.swift; path = CommonCommand.swift; sourceTree = "<group>"; };
		92D861FA285D142600B5388C /* User.swift */ = {isa = PBXFileReference; lastKnownFileType = sourcecode.swift; path = User.swift; sourceTree = "<group>"; };
		92D861FD285D148600B5388C /* Location.swift */ = {isa = PBXFileReference; lastKnownFileType = sourcecode.swift; path = Location.swift; sourceTree = "<group>"; };
		92D86201285D14AE00B5388C /* Coordinates.swift */ = {isa = PBXFileReference; lastKnownFileType = sourcecode.swift; path = Coordinates.swift; sourceTree = "<group>"; };
		92D86203285D14B700B5388C /* Street.swift */ = {isa = PBXFileReference; lastKnownFileType = sourcecode.swift; path = Street.swift; sourceTree = "<group>"; };
		92D86206285D154000B5388C /* Name.swift */ = {isa = PBXFileReference; lastKnownFileType = sourcecode.swift; path = Name.swift; sourceTree = "<group>"; };
		92D86209285D159400B5388C /* Picture.swift */ = {isa = PBXFileReference; lastKnownFileType = sourcecode.swift; path = Picture.swift; sourceTree = "<group>"; };
		92D8620C285D242100B5388C /* SingleUserController.swift */ = {isa = PBXFileReference; lastKnownFileType = sourcecode.swift; path = SingleUserController.swift; sourceTree = "<group>"; };
		92D8620E285D242D00B5388C /* SingleUserController.xib */ = {isa = PBXFileReference; lastKnownFileType = file.xib; path = SingleUserController.xib; sourceTree = "<group>"; };
		92D86210285D251D00B5388C /* UserSelectionCommand.swift */ = {isa = PBXFileReference; lastKnownFileType = sourcecode.swift; path = UserSelectionCommand.swift; sourceTree = "<group>"; };
		92D86228285D47C900B5388C /* TabbarEnum.swift */ = {isa = PBXFileReference; lastKnownFileType = sourcecode.swift; path = TabbarEnum.swift; sourceTree = "<group>"; };
		92D8622A285D47DB00B5388C /* UserApiDataProvider.swift */ = {isa = PBXFileReference; lastKnownFileType = sourcecode.swift; path = UserApiDataProvider.swift; sourceTree = "<group>"; };
		92D8622C285D47E900B5388C /* UserLocalDataProvider.swift */ = {isa = PBXFileReference; lastKnownFileType = sourcecode.swift; path = UserLocalDataProvider.swift; sourceTree = "<group>"; };
		92D8622F285D482000B5388C /* Result.swift */ = {isa = PBXFileReference; lastKnownFileType = sourcecode.swift; path = Result.swift; sourceTree = "<group>"; };
		92D86231285D4B3600B5388C /* UserRealm.swift */ = {isa = PBXFileReference; lastKnownFileType = sourcecode.swift; path = UserRealm.swift; sourceTree = "<group>"; };
		92D86233285D4B4700B5388C /* NameRealm.swift */ = {isa = PBXFileReference; lastKnownFileType = sourcecode.swift; path = NameRealm.swift; sourceTree = "<group>"; };
		92D86235285D4B5000B5388C /* PictureRealm.swift */ = {isa = PBXFileReference; lastKnownFileType = sourcecode.swift; path = PictureRealm.swift; sourceTree = "<group>"; };
		92D86237285D4B6700B5388C /* CoordinatesRealm.swift */ = {isa = PBXFileReference; lastKnownFileType = sourcecode.swift; path = CoordinatesRealm.swift; sourceTree = "<group>"; };
		92D86239285D4B7000B5388C /* StreetRealm.swift */ = {isa = PBXFileReference; lastKnownFileType = sourcecode.swift; path = StreetRealm.swift; sourceTree = "<group>"; };
		92D8623B285D4B7A00B5388C /* LocationRealm.swift */ = {isa = PBXFileReference; lastKnownFileType = sourcecode.swift; path = LocationRealm.swift; sourceTree = "<group>"; };
		92D8623F285D540000B5388C /* IndicatorView.swift */ = {isa = PBXFileReference; lastKnownFileType = sourcecode.swift; path = IndicatorView.swift; sourceTree = "<group>"; };
		92D86242285D541400B5388C /* IndicatorView.xib */ = {isa = PBXFileReference; lastKnownFileType = file.xib; path = IndicatorView.xib; sourceTree = "<group>"; };
		92D86246285D550900B5388C /* Loader.swift */ = {isa = PBXFileReference; lastKnownFileType = sourcecode.swift; path = Loader.swift; sourceTree = "<group>"; };
		92D86249285D555100B5388C /* BaseCustomView.swift */ = {isa = PBXFileReference; lastKnownFileType = sourcecode.swift; path = BaseCustomView.swift; sourceTree = "<group>"; };
		92D8624B285D558E00B5388C /* UIViewExtension.swift */ = {isa = PBXFileReference; lastKnownFileType = sourcecode.swift; path = UIViewExtension.swift; sourceTree = "<group>"; };
		92D8624E285D5B2000B5388C /* BaseViewController.swift */ = {isa = PBXFileReference; lastKnownFileType = sourcecode.swift; path = BaseViewController.swift; sourceTree = "<group>"; };
		92D86250285D62F500B5388C /* ButtonStates.swift */ = {isa = PBXFileReference; lastKnownFileType = sourcecode.swift; path = ButtonStates.swift; sourceTree = "<group>"; };
		92D86253285D657600B5388C /* BaseUserDataProvider.swift */ = {isa = PBXFileReference; lastKnownFileType = sourcecode.swift; path = BaseUserDataProvider.swift; sourceTree = "<group>"; };
		92D86258285DBD3500B5388C /* GlobalExtension.swift */ = {isa = PBXFileReference; lastKnownFileType = sourcecode.swift; path = GlobalExtension.swift; sourceTree = "<group>"; };
		92D8625B285DC62B00B5388C /* ToastView.swift */ = {isa = PBXFileReference; lastKnownFileType = sourcecode.swift; path = ToastView.swift; sourceTree = "<group>"; };
		92D8625F285DC6A900B5388C /* OpenToastCommand.swift */ = {isa = PBXFileReference; lastKnownFileType = sourcecode.swift; path = OpenToastCommand.swift; sourceTree = "<group>"; };
		92D86261285DC6B700B5388C /* ToastViewConfig.swift */ = {isa = PBXFileReference; lastKnownFileType = sourcecode.swift; path = ToastViewConfig.swift; sourceTree = "<group>"; };
		E5AB4473834C49A0E4889344 /* Pods-UsersApp.release.xcconfig */ = {isa = PBXFileReference; includeInIndex = 1; lastKnownFileType = text.xcconfig; name = "Pods-UsersApp.release.xcconfig"; path = "Target Support Files/Pods-UsersApp/Pods-UsersApp.release.xcconfig"; sourceTree = "<group>"; };
/* End PBXFileReference section */

/* Begin PBXFrameworksBuildPhase section */
		92D861A4285D054500B5388C /* Frameworks */ = {
			isa = PBXFrameworksBuildPhase;
			buildActionMask = 2147483647;
			files = (
				27DCFBEC2E232685A3BEBBED /* Pods_UsersApp.framework in Frameworks */,
			);
			runOnlyForDeploymentPostprocessing = 0;
		};
		92D861BA285D054600B5388C /* Frameworks */ = {
			isa = PBXFrameworksBuildPhase;
			buildActionMask = 2147483647;
			files = (
			);
			runOnlyForDeploymentPostprocessing = 0;
		};
		92D861C4285D054600B5388C /* Frameworks */ = {
			isa = PBXFrameworksBuildPhase;
			buildActionMask = 2147483647;
			files = (
			);
			runOnlyForDeploymentPostprocessing = 0;
		};
/* End PBXFrameworksBuildPhase section */

/* Begin PBXGroup section */
		0BAAF2BC0BC84250BCF915B4 /* Pods */ = {
			isa = PBXGroup;
			children = (
				08EE08FC6328201729FD1D7F /* Pods-RenderforestUsers.debug.xcconfig */,
				7FB8755001EE43A6481EB186 /* Pods-RenderforestUsers.release.xcconfig */,
				699C474B714E5A0F7C73D264 /* Pods-UsersApp.debug.xcconfig */,
				E5AB4473834C49A0E4889344 /* Pods-UsersApp.release.xcconfig */,
			);
			path = Pods;
			sourceTree = "<group>";
		};
		4CAD5DBC052BBE1957B893B1 /* Frameworks */ = {
			isa = PBXGroup;
			children = (
				47047CF194A87044581048A4 /* Pods_UsersApp.framework */,
			);
			name = Frameworks;
			sourceTree = "<group>";
		};
		92D8619E285D054500B5388C = {
			isa = PBXGroup;
			children = (
				92D861A9285D054500B5388C /* UsersApp */,
				92D861A8285D054500B5388C /* Products */,
				0BAAF2BC0BC84250BCF915B4 /* Pods */,
				4CAD5DBC052BBE1957B893B1 /* Frameworks */,
			);
			sourceTree = "<group>";
		};
		92D861A8285D054500B5388C /* Products */ = {
			isa = PBXGroup;
			children = (
				92D861A7285D054500B5388C /* UsersApp.app */,
				92D861BD285D054600B5388C /* UsersAppTests.xctest */,
				92D861C7285D054600B5388C /* UsersAppUITests.xctest */,
			);
			name = Products;
			sourceTree = "<group>";
		};
		92D861A9285D054500B5388C /* UsersApp */ = {
			isa = PBXGroup;
			children = (
				92D861F7285D132A00B5388C /* Data */,
				92D861E6285D0BA700B5388C /* Listing */,
				92D861DE285D083800B5388C /* Main */,
				92D861DB285D073000B5388C /* Extensions */,
				92D861DA285D056100B5388C /* Storyboards */,
				92D861F0285D110600B5388C /* Delegates */,
				92D8620B285D240E00B5388C /* SingleUserController */,
				92D861AE285D054500B5388C /* UserListingContoller.swift */,
				92D861B3285D054600B5388C /* Assets.xcassets */,
				92D861B8285D054600B5388C /* Info.plist */,
			);
			path = UsersApp;
			sourceTree = "<group>";
		};
		92D861DA285D056100B5388C /* Storyboards */ = {
			isa = PBXGroup;
			children = (
				92D861B0285D054500B5388C /* Main.storyboard */,
				92D861B5285D054600B5388C /* LaunchScreen.storyboard */,
			);
			path = Storyboards;
			sourceTree = "<group>";
		};
		92D861DB285D073000B5388C /* Extensions */ = {
			isa = PBXGroup;
			children = (
				92D861DC285D075900B5388C /* UIColorExtension.swift */,
				92D8624B285D558E00B5388C /* UIViewExtension.swift */,
				92D86258285DBD3500B5388C /* GlobalExtension.swift */,
			);
			path = Extensions;
			sourceTree = "<group>";
		};
		92D861DE285D083800B5388C /* Main */ = {
			isa = PBXGroup;
			children = (
				92D8624D285D5B0F00B5388C /* Controllers */,
				92D8623E285D53F400B5388C /* Views */,
				92D86227285D479700B5388C /* Enums */,
				92D861F4285D120200B5388C /* Protocols */,
				92D861F1285D11D000B5388C /* Commands */,
				92D861E1285D08EB00B5388C /* ApplicationThemes */,
			);
			path = Main;
			sourceTree = "<group>";
		};
		92D861E1285D08EB00B5388C /* ApplicationThemes */ = {
			isa = PBXGroup;
			children = (
				92D861E2285D090900B5388C /* Themes */,
				92D861DF285D084500B5388C /* ThemeManager.swift */,
			);
			path = ApplicationThemes;
			sourceTree = "<group>";
		};
		92D861E2285D090900B5388C /* Themes */ = {
			isa = PBXGroup;
			children = (
				92D861E3285D091E00B5388C /* BaseThemeColors.swift */,
			);
			path = Themes;
			sourceTree = "<group>";
		};
		92D861E6285D0BA700B5388C /* Listing */ = {
			isa = PBXGroup;
			children = (
				92D861E9285D0DFC00B5388C /* TableView */,
				92D861EA285D0E0600B5388C /* Cells */,
			);
			path = Listing;
			sourceTree = "<group>";
		};
		92D861E9285D0DFC00B5388C /* TableView */ = {
			isa = PBXGroup;
			children = (
				92D861E7285D0C1000B5388C /* UsersTableView.swift */,
			);
			path = TableView;
			sourceTree = "<group>";
		};
		92D861EA285D0E0600B5388C /* Cells */ = {
			isa = PBXGroup;
			children = (
				92D861EC285D0E2900B5388C /* UsersCell.swift */,
				92D861ED285D0E2900B5388C /* UsersCell.xib */,
			);
			path = Cells;
			sourceTree = "<group>";
		};
		92D861F0285D110600B5388C /* Delegates */ = {
			isa = PBXGroup;
			children = (
				92D861AA285D054500B5388C /* AppDelegate.swift */,
				92D861AC285D054500B5388C /* SceneDelegate.swift */,
			);
			path = Delegates;
			sourceTree = "<group>";
		};
		92D861F1285D11D000B5388C /* Commands */ = {
			isa = PBXGroup;
			children = (
				92D861F2285D11E400B5388C /* GetUsersCommand.swift */,
				92D86210285D251D00B5388C /* UserSelectionCommand.swift */,
			);
			path = Commands;
			sourceTree = "<group>";
		};
		92D861F4285D120200B5388C /* Protocols */ = {
			isa = PBXGroup;
			children = (
				92D861F5285D121000B5388C /* CommonCommand.swift */,
				92D86246285D550900B5388C /* Loader.swift */,
			);
			path = Protocols;
			sourceTree = "<group>";
		};
		92D861F7285D132A00B5388C /* Data */ = {
			isa = PBXGroup;
			children = (
				92D86226285D473F00B5388C /* DataProviders */,
				92D861F8285D132E00B5388C /* Models */,
			);
			path = Data;
			sourceTree = "<group>";
		};
		92D861F8285D132E00B5388C /* Models */ = {
			isa = PBXGroup;
			children = (
				92D8622F285D482000B5388C /* Result.swift */,
				92D861F9285D136200B5388C /* User */,
				92D86205285D152E00B5388C /* Name */,
				92D86208285D158800B5388C /* Picture */,
				92D86200285D14A000B5388C /* Coordinates */,
				92D861FF285D149500B5388C /* Street */,
				92D861FC285D147A00B5388C /* Location */,
			);
			path = Models;
			sourceTree = "<group>";
		};
		92D861F9285D136200B5388C /* User */ = {
			isa = PBXGroup;
			children = (
				92D861FA285D142600B5388C /* User.swift */,
				92D86231285D4B3600B5388C /* UserRealm.swift */,
			);
			path = User;
			sourceTree = "<group>";
		};
		92D861FC285D147A00B5388C /* Location */ = {
			isa = PBXGroup;
			children = (
				92D861FD285D148600B5388C /* Location.swift */,
				92D8623B285D4B7A00B5388C /* LocationRealm.swift */,
			);
			path = Location;
			sourceTree = "<group>";
		};
		92D861FF285D149500B5388C /* Street */ = {
			isa = PBXGroup;
			children = (
				92D86203285D14B700B5388C /* Street.swift */,
				92D86239285D4B7000B5388C /* StreetRealm.swift */,
			);
			path = Street;
			sourceTree = "<group>";
		};
		92D86200285D14A000B5388C /* Coordinates */ = {
			isa = PBXGroup;
			children = (
				92D86201285D14AE00B5388C /* Coordinates.swift */,
				92D86237285D4B6700B5388C /* CoordinatesRealm.swift */,
			);
			path = Coordinates;
			sourceTree = "<group>";
		};
		92D86205285D152E00B5388C /* Name */ = {
			isa = PBXGroup;
			children = (
				92D86206285D154000B5388C /* Name.swift */,
				92D86233285D4B4700B5388C /* NameRealm.swift */,
			);
			path = Name;
			sourceTree = "<group>";
		};
		92D86208285D158800B5388C /* Picture */ = {
			isa = PBXGroup;
			children = (
				92D86209285D159400B5388C /* Picture.swift */,
				92D86235285D4B5000B5388C /* PictureRealm.swift */,
			);
			path = Picture;
			sourceTree = "<group>";
		};
		92D8620B285D240E00B5388C /* SingleUserController */ = {
			isa = PBXGroup;
			children = (
				92D8620C285D242100B5388C /* SingleUserController.swift */,
				92D8620E285D242D00B5388C /* SingleUserController.xib */,
			);
			path = SingleUserController;
			sourceTree = "<group>";
		};
		92D86226285D473F00B5388C /* DataProviders */ = {
			isa = PBXGroup;
			children = (
				92D86252285D656200B5388C /* Protocols */,
				92D8622A285D47DB00B5388C /* UserApiDataProvider.swift */,
				92D8622C285D47E900B5388C /* UserLocalDataProvider.swift */,
			);
			path = DataProviders;
			sourceTree = "<group>";
		};
		92D86227285D479700B5388C /* Enums */ = {
			isa = PBXGroup;
			children = (
				92D86228285D47C900B5388C /* TabbarEnum.swift */,
				92D86250285D62F500B5388C /* ButtonStates.swift */,
			);
			path = Enums;
			sourceTree = "<group>";
		};
		92D8623E285D53F400B5388C /* Views */ = {
			isa = PBXGroup;
			children = (
				92D8625A285DC61C00B5388C /* ToasterView */,
				92D86248285D554300B5388C /* BaseCustomView */,
				92D86241285D540500B5388C /* IndicatorView */,
			);
			path = Views;
			sourceTree = "<group>";
		};
		92D86241285D540500B5388C /* IndicatorView */ = {
			isa = PBXGroup;
			children = (
				92D8623F285D540000B5388C /* IndicatorView.swift */,
				92D86242285D541400B5388C /* IndicatorView.xib */,
			);
			path = IndicatorView;
			sourceTree = "<group>";
		};
		92D86248285D554300B5388C /* BaseCustomView */ = {
			isa = PBXGroup;
			children = (
				92D86249285D555100B5388C /* BaseCustomView.swift */,
			);
			path = BaseCustomView;
			sourceTree = "<group>";
		};
		92D8624D285D5B0F00B5388C /* Controllers */ = {
			isa = PBXGroup;
			children = (
				92D8624E285D5B2000B5388C /* BaseViewController.swift */,
			);
			path = Controllers;
			sourceTree = "<group>";
		};
		92D86252285D656200B5388C /* Protocols */ = {
			isa = PBXGroup;
			children = (
				92D86253285D657600B5388C /* BaseUserDataProvider.swift */,
			);
			path = Protocols;
			sourceTree = "<group>";
		};
		92D8625A285DC61C00B5388C /* ToasterView */ = {
			isa = PBXGroup;
			children = (
				92D8625D285DC69400B5388C /* Commands */,
				92D8625E285DC69A00B5388C /* Models */,
				92D8625B285DC62B00B5388C /* ToastView.swift */,
			);
			path = ToasterView;
			sourceTree = "<group>";
		};
		92D8625D285DC69400B5388C /* Commands */ = {
			isa = PBXGroup;
			children = (
				92D8625F285DC6A900B5388C /* OpenToastCommand.swift */,
			);
			path = Commands;
			sourceTree = "<group>";
		};
		92D8625E285DC69A00B5388C /* Models */ = {
			isa = PBXGroup;
			children = (
				92D86261285DC6B700B5388C /* ToastViewConfig.swift */,
			);
			path = Models;
			sourceTree = "<group>";
		};
/* End PBXGroup section */

/* Begin PBXNativeTarget section */
		92D861A6285D054500B5388C /* UsersApp */ = {
			isa = PBXNativeTarget;
			buildConfigurationList = 92D861D1285D054600B5388C /* Build configuration list for PBXNativeTarget "UsersApp" */;
			buildPhases = (
				29B28C923D234D1412561D38 /* [CP] Check Pods Manifest.lock */,
				92D861A3285D054500B5388C /* Sources */,
				92D861A4285D054500B5388C /* Frameworks */,
				92D861A5285D054500B5388C /* Resources */,
				AB19B7B2F295EA47B9B3CAED /* [CP] Embed Pods Frameworks */,
			);
			buildRules = (
			);
			dependencies = (
			);
			name = UsersApp;
			productName = RenderforestUsers;
			productReference = 92D861A7285D054500B5388C /* UsersApp.app */;
			productType = "com.apple.product-type.application";
		};
		92D861BC285D054600B5388C /* UsersAppTests */ = {
			isa = PBXNativeTarget;
			buildConfigurationList = 92D861D4285D054600B5388C /* Build configuration list for PBXNativeTarget "UsersAppTests" */;
			buildPhases = (
				92D861B9285D054600B5388C /* Sources */,
				92D861BA285D054600B5388C /* Frameworks */,
				92D861BB285D054600B5388C /* Resources */,
			);
			buildRules = (
			);
			dependencies = (
				92D861BF285D054600B5388C /* PBXTargetDependency */,
			);
			name = UsersAppTests;
			productName = RenderforestUsersTests;
			productReference = 92D861BD285D054600B5388C /* UsersAppTests.xctest */;
			productType = "com.apple.product-type.bundle.unit-test";
		};
		92D861C6285D054600B5388C /* UsersAppUITests */ = {
			isa = PBXNativeTarget;
			buildConfigurationList = 92D861D7285D054600B5388C /* Build configuration list for PBXNativeTarget "UsersAppUITests" */;
			buildPhases = (
				92D861C3285D054600B5388C /* Sources */,
				92D861C4285D054600B5388C /* Frameworks */,
				92D861C5285D054600B5388C /* Resources */,
			);
			buildRules = (
			);
			dependencies = (
				92D861C9285D054600B5388C /* PBXTargetDependency */,
			);
			name = UsersAppUITests;
			productName = RenderforestUsersUITests;
			productReference = 92D861C7285D054600B5388C /* UsersAppUITests.xctest */;
			productType = "com.apple.product-type.bundle.ui-testing";
		};
/* End PBXNativeTarget section */

/* Begin PBXProject section */
		92D8619F285D054500B5388C /* Project object */ = {
			isa = PBXProject;
			attributes = {
				BuildIndependentTargetsInParallel = 1;
				LastSwiftUpdateCheck = 1320;
				LastUpgradeCheck = 1320;
				TargetAttributes = {
					92D861A6285D054500B5388C = {
						CreatedOnToolsVersion = 13.2.1;
					};
					92D861BC285D054600B5388C = {
						CreatedOnToolsVersion = 13.2.1;
						TestTargetID = 92D861A6285D054500B5388C;
					};
					92D861C6285D054600B5388C = {
						CreatedOnToolsVersion = 13.2.1;
						TestTargetID = 92D861A6285D054500B5388C;
					};
				};
			};
			buildConfigurationList = 92D861A2285D054500B5388C /* Build configuration list for PBXProject "UsersApp" */;
			compatibilityVersion = "Xcode 13.0";
			developmentRegion = en;
			hasScannedForEncodings = 0;
			knownRegions = (
				en,
				Base,
			);
			mainGroup = 92D8619E285D054500B5388C;
			productRefGroup = 92D861A8285D054500B5388C /* Products */;
			projectDirPath = "";
			projectRoot = "";
			targets = (
				92D861A6285D054500B5388C /* UsersApp */,
				92D861BC285D054600B5388C /* UsersAppTests */,
				92D861C6285D054600B5388C /* UsersAppUITests */,
			);
		};
/* End PBXProject section */

/* Begin PBXResourcesBuildPhase section */
		92D861A5285D054500B5388C /* Resources */ = {
			isa = PBXResourcesBuildPhase;
			buildActionMask = 2147483647;
			files = (
				92D861EF285D0E2900B5388C /* UsersCell.xib in Resources */,
				92D861B7285D054600B5388C /* LaunchScreen.storyboard in Resources */,
				92D861B4285D054600B5388C /* Assets.xcassets in Resources */,
				92D861B2285D054500B5388C /* Main.storyboard in Resources */,
				92D86243285D541400B5388C /* IndicatorView.xib in Resources */,
				92D8620F285D242D00B5388C /* SingleUserController.xib in Resources */,
			);
			runOnlyForDeploymentPostprocessing = 0;
		};
		92D861BB285D054600B5388C /* Resources */ = {
			isa = PBXResourcesBuildPhase;
			buildActionMask = 2147483647;
			files = (
			);
			runOnlyForDeploymentPostprocessing = 0;
		};
		92D861C5285D054600B5388C /* Resources */ = {
			isa = PBXResourcesBuildPhase;
			buildActionMask = 2147483647;
			files = (
			);
			runOnlyForDeploymentPostprocessing = 0;
		};
/* End PBXResourcesBuildPhase section */

/* Begin PBXShellScriptBuildPhase section */
		29B28C923D234D1412561D38 /* [CP] Check Pods Manifest.lock */ = {
			isa = PBXShellScriptBuildPhase;
			buildActionMask = 2147483647;
			files = (
			);
			inputFileListPaths = (
			);
			inputPaths = (
				"${PODS_PODFILE_DIR_PATH}/Podfile.lock",
				"${PODS_ROOT}/Manifest.lock",
			);
			name = "[CP] Check Pods Manifest.lock";
			outputFileListPaths = (
			);
			outputPaths = (
				"$(DERIVED_FILE_DIR)/Pods-UsersApp-checkManifestLockResult.txt",
			);
			runOnlyForDeploymentPostprocessing = 0;
			shellPath = /bin/sh;
			shellScript = "diff \"${PODS_PODFILE_DIR_PATH}/Podfile.lock\" \"${PODS_ROOT}/Manifest.lock\" > /dev/null\nif [ $? != 0 ] ; then\n    # print error to STDERR\n    echo \"error: The sandbox is not in sync with the Podfile.lock. Run 'pod install' or update your CocoaPods installation.\" >&2\n    exit 1\nfi\n# This output is used by Xcode 'outputs' to avoid re-running this script phase.\necho \"SUCCESS\" > \"${SCRIPT_OUTPUT_FILE_0}\"\n";
			showEnvVarsInLog = 0;
		};
		AB19B7B2F295EA47B9B3CAED /* [CP] Embed Pods Frameworks */ = {
			isa = PBXShellScriptBuildPhase;
			buildActionMask = 2147483647;
			files = (
			);
			inputFileListPaths = (
				"${PODS_ROOT}/Target Support Files/Pods-UsersApp/Pods-UsersApp-frameworks-${CONFIGURATION}-input-files.xcfilelist",
			);
			name = "[CP] Embed Pods Frameworks";
			outputFileListPaths = (
				"${PODS_ROOT}/Target Support Files/Pods-UsersApp/Pods-UsersApp-frameworks-${CONFIGURATION}-output-files.xcfilelist",
			);
			runOnlyForDeploymentPostprocessing = 0;
			shellPath = /bin/sh;
			shellScript = "\"${PODS_ROOT}/Target Support Files/Pods-UsersApp/Pods-UsersApp-frameworks.sh\"\n";
			showEnvVarsInLog = 0;
		};
/* End PBXShellScriptBuildPhase section */

/* Begin PBXSourcesBuildPhase section */
		92D861A3285D054500B5388C /* Sources */ = {
			isa = PBXSourcesBuildPhase;
			buildActionMask = 2147483647;
			files = (
				92D8624A285D555100B5388C /* BaseCustomView.swift in Sources */,
				92D861EE285D0E2900B5388C /* UsersCell.swift in Sources */,
				92D8624F285D5B2000B5388C /* BaseViewController.swift in Sources */,
				92D86240285D540000B5388C /* IndicatorView.swift in Sources */,
				92D86232285D4B3600B5388C /* UserRealm.swift in Sources */,
				92D861AF285D054500B5388C /* UserListingContoller.swift in Sources */,
				92D86259285DBD3500B5388C /* GlobalExtension.swift in Sources */,
				92D861E0285D084500B5388C /* ThemeManager.swift in Sources */,
				92D86251285D62F500B5388C /* ButtonStates.swift in Sources */,
				92D86254285D657600B5388C /* BaseUserDataProvider.swift in Sources */,
				92D8624C285D558E00B5388C /* UIViewExtension.swift in Sources */,
				92D861E4285D091E00B5388C /* BaseThemeColors.swift in Sources */,
				92D8620A285D159400B5388C /* Picture.swift in Sources */,
				92D8620D285D242100B5388C /* SingleUserController.swift in Sources */,
				92D8625C285DC62B00B5388C /* ToastView.swift in Sources */,
				92D861F6285D121000B5388C /* CommonCommand.swift in Sources */,
				92D86236285D4B5000B5388C /* PictureRealm.swift in Sources */,
				92D86229285D47C900B5388C /* TabbarEnum.swift in Sources */,
				92D86211285D251D00B5388C /* UserSelectionCommand.swift in Sources */,
				92D861F3285D11E400B5388C /* GetUsersCommand.swift in Sources */,
				92D86230285D482000B5388C /* Result.swift in Sources */,
				92D86247285D550900B5388C /* Loader.swift in Sources */,
				92D86204285D14B700B5388C /* Street.swift in Sources */,
				92D861AB285D054500B5388C /* AppDelegate.swift in Sources */,
				92D861AD285D054500B5388C /* SceneDelegate.swift in Sources */,
				92D86207285D154000B5388C /* Name.swift in Sources */,
				92D8622B285D47DB00B5388C /* UserApiDataProvider.swift in Sources */,
				92D8623A285D4B7000B5388C /* StreetRealm.swift in Sources */,
				92D861DD285D075900B5388C /* UIColorExtension.swift in Sources */,
				92D86202285D14AE00B5388C /* Coordinates.swift in Sources */,
				92D861E8285D0C1000B5388C /* UsersTableView.swift in Sources */,
				92D86234285D4B4700B5388C /* NameRealm.swift in Sources */,
				92D861FE285D148600B5388C /* Location.swift in Sources */,
				92D8623C285D4B7A00B5388C /* LocationRealm.swift in Sources */,
				92D86238285D4B6700B5388C /* CoordinatesRealm.swift in Sources */,
				92D86262285DC6B700B5388C /* ToastViewConfig.swift in Sources */,
				92D8622D285D47E900B5388C /* UserLocalDataProvider.swift in Sources */,
				92D861FB285D142600B5388C /* User.swift in Sources */,
				92D86260285DC6A900B5388C /* OpenToastCommand.swift in Sources */,
			);
			runOnlyForDeploymentPostprocessing = 0;
		};
		92D861B9285D054600B5388C /* Sources */ = {
			isa = PBXSourcesBuildPhase;
			buildActionMask = 2147483647;
			files = (
			);
			runOnlyForDeploymentPostprocessing = 0;
		};
		92D861C3285D054600B5388C /* Sources */ = {
			isa = PBXSourcesBuildPhase;
			buildActionMask = 2147483647;
			files = (
			);
			runOnlyForDeploymentPostprocessing = 0;
		};
/* End PBXSourcesBuildPhase section */

/* Begin PBXTargetDependency section */
		92D861BF285D054600B5388C /* PBXTargetDependency */ = {
			isa = PBXTargetDependency;
			target = 92D861A6285D054500B5388C /* UsersApp */;
			targetProxy = 92D861BE285D054600B5388C /* PBXContainerItemProxy */;
		};
		92D861C9285D054600B5388C /* PBXTargetDependency */ = {
			isa = PBXTargetDependency;
			target = 92D861A6285D054500B5388C /* UsersApp */;
			targetProxy = 92D861C8285D054600B5388C /* PBXContainerItemProxy */;
		};
/* End PBXTargetDependency section */

/* Begin PBXVariantGroup section */
		92D861B0285D054500B5388C /* Main.storyboard */ = {
			isa = PBXVariantGroup;
			children = (
				92D861B1285D054500B5388C /* Base */,
			);
			name = Main.storyboard;
			sourceTree = "<group>";
		};
		92D861B5285D054600B5388C /* LaunchScreen.storyboard */ = {
			isa = PBXVariantGroup;
			children = (
				92D861B6285D054600B5388C /* Base */,
			);
			name = LaunchScreen.storyboard;
			sourceTree = "<group>";
		};
/* End PBXVariantGroup section */

/* Begin XCBuildConfiguration section */
		92D861CF285D054600B5388C /* Debug */ = {
			isa = XCBuildConfiguration;
			buildSettings = {
				ALWAYS_SEARCH_USER_PATHS = NO;
				CLANG_ANALYZER_NONNULL = YES;
				CLANG_ANALYZER_NUMBER_OBJECT_CONVERSION = YES_AGGRESSIVE;
				CLANG_CXX_LANGUAGE_STANDARD = "gnu++17";
				CLANG_CXX_LIBRARY = "libc++";
				CLANG_ENABLE_MODULES = YES;
				CLANG_ENABLE_OBJC_ARC = YES;
				CLANG_ENABLE_OBJC_WEAK = YES;
				CLANG_WARN_BLOCK_CAPTURE_AUTORELEASING = YES;
				CLANG_WARN_BOOL_CONVERSION = YES;
				CLANG_WARN_COMMA = YES;
				CLANG_WARN_CONSTANT_CONVERSION = YES;
				CLANG_WARN_DEPRECATED_OBJC_IMPLEMENTATIONS = YES;
				CLANG_WARN_DIRECT_OBJC_ISA_USAGE = YES_ERROR;
				CLANG_WARN_DOCUMENTATION_COMMENTS = YES;
				CLANG_WARN_EMPTY_BODY = YES;
				CLANG_WARN_ENUM_CONVERSION = YES;
				CLANG_WARN_INFINITE_RECURSION = YES;
				CLANG_WARN_INT_CONVERSION = YES;
				CLANG_WARN_NON_LITERAL_NULL_CONVERSION = YES;
				CLANG_WARN_OBJC_IMPLICIT_RETAIN_SELF = YES;
				CLANG_WARN_OBJC_LITERAL_CONVERSION = YES;
				CLANG_WARN_OBJC_ROOT_CLASS = YES_ERROR;
				CLANG_WARN_QUOTED_INCLUDE_IN_FRAMEWORK_HEADER = YES;
				CLANG_WARN_RANGE_LOOP_ANALYSIS = YES;
				CLANG_WARN_STRICT_PROTOTYPES = YES;
				CLANG_WARN_SUSPICIOUS_MOVE = YES;
				CLANG_WARN_UNGUARDED_AVAILABILITY = YES_AGGRESSIVE;
				CLANG_WARN_UNREACHABLE_CODE = YES;
				CLANG_WARN__DUPLICATE_METHOD_MATCH = YES;
				COPY_PHASE_STRIP = NO;
				DEBUG_INFORMATION_FORMAT = dwarf;
				ENABLE_STRICT_OBJC_MSGSEND = YES;
				ENABLE_TESTABILITY = YES;
				GCC_C_LANGUAGE_STANDARD = gnu11;
				GCC_DYNAMIC_NO_PIC = NO;
				GCC_NO_COMMON_BLOCKS = YES;
				GCC_OPTIMIZATION_LEVEL = 0;
				GCC_PREPROCESSOR_DEFINITIONS = (
					"DEBUG=1",
					"$(inherited)",
				);
				GCC_WARN_64_TO_32_BIT_CONVERSION = YES;
				GCC_WARN_ABOUT_RETURN_TYPE = YES_ERROR;
				GCC_WARN_UNDECLARED_SELECTOR = YES;
				GCC_WARN_UNINITIALIZED_AUTOS = YES_AGGRESSIVE;
				GCC_WARN_UNUSED_FUNCTION = YES;
				GCC_WARN_UNUSED_VARIABLE = YES;
				IPHONEOS_DEPLOYMENT_TARGET = 15.2;
				MTL_ENABLE_DEBUG_INFO = INCLUDE_SOURCE;
				MTL_FAST_MATH = YES;
				ONLY_ACTIVE_ARCH = YES;
				SDKROOT = iphoneos;
				SWIFT_ACTIVE_COMPILATION_CONDITIONS = DEBUG;
				SWIFT_OPTIMIZATION_LEVEL = "-Onone";
			};
			name = Debug;
		};
		92D861D0285D054600B5388C /* Release */ = {
			isa = XCBuildConfiguration;
			buildSettings = {
				ALWAYS_SEARCH_USER_PATHS = NO;
				CLANG_ANALYZER_NONNULL = YES;
				CLANG_ANALYZER_NUMBER_OBJECT_CONVERSION = YES_AGGRESSIVE;
				CLANG_CXX_LANGUAGE_STANDARD = "gnu++17";
				CLANG_CXX_LIBRARY = "libc++";
				CLANG_ENABLE_MODULES = YES;
				CLANG_ENABLE_OBJC_ARC = YES;
				CLANG_ENABLE_OBJC_WEAK = YES;
				CLANG_WARN_BLOCK_CAPTURE_AUTORELEASING = YES;
				CLANG_WARN_BOOL_CONVERSION = YES;
				CLANG_WARN_COMMA = YES;
				CLANG_WARN_CONSTANT_CONVERSION = YES;
				CLANG_WARN_DEPRECATED_OBJC_IMPLEMENTATIONS = YES;
				CLANG_WARN_DIRECT_OBJC_ISA_USAGE = YES_ERROR;
				CLANG_WARN_DOCUMENTATION_COMMENTS = YES;
				CLANG_WARN_EMPTY_BODY = YES;
				CLANG_WARN_ENUM_CONVERSION = YES;
				CLANG_WARN_INFINITE_RECURSION = YES;
				CLANG_WARN_INT_CONVERSION = YES;
				CLANG_WARN_NON_LITERAL_NULL_CONVERSION = YES;
				CLANG_WARN_OBJC_IMPLICIT_RETAIN_SELF = YES;
				CLANG_WARN_OBJC_LITERAL_CONVERSION = YES;
				CLANG_WARN_OBJC_ROOT_CLASS = YES_ERROR;
				CLANG_WARN_QUOTED_INCLUDE_IN_FRAMEWORK_HEADER = YES;
				CLANG_WARN_RANGE_LOOP_ANALYSIS = YES;
				CLANG_WARN_STRICT_PROTOTYPES = YES;
				CLANG_WARN_SUSPICIOUS_MOVE = YES;
				CLANG_WARN_UNGUARDED_AVAILABILITY = YES_AGGRESSIVE;
				CLANG_WARN_UNREACHABLE_CODE = YES;
				CLANG_WARN__DUPLICATE_METHOD_MATCH = YES;
				COPY_PHASE_STRIP = NO;
				DEBUG_INFORMATION_FORMAT = "dwarf-with-dsym";
				ENABLE_NS_ASSERTIONS = NO;
				ENABLE_STRICT_OBJC_MSGSEND = YES;
				GCC_C_LANGUAGE_STANDARD = gnu11;
				GCC_NO_COMMON_BLOCKS = YES;
				GCC_WARN_64_TO_32_BIT_CONVERSION = YES;
				GCC_WARN_ABOUT_RETURN_TYPE = YES_ERROR;
				GCC_WARN_UNDECLARED_SELECTOR = YES;
				GCC_WARN_UNINITIALIZED_AUTOS = YES_AGGRESSIVE;
				GCC_WARN_UNUSED_FUNCTION = YES;
				GCC_WARN_UNUSED_VARIABLE = YES;
				IPHONEOS_DEPLOYMENT_TARGET = 15.2;
				MTL_ENABLE_DEBUG_INFO = NO;
				MTL_FAST_MATH = YES;
				SDKROOT = iphoneos;
				SWIFT_COMPILATION_MODE = wholemodule;
				SWIFT_OPTIMIZATION_LEVEL = "-O";
				VALIDATE_PRODUCT = YES;
			};
			name = Release;
		};
		92D861D2285D054600B5388C /* Debug */ = {
			isa = XCBuildConfiguration;
			baseConfigurationReference = 699C474B714E5A0F7C73D264 /* Pods-UsersApp.debug.xcconfig */;
			buildSettings = {
				ASSETCATALOG_COMPILER_APPICON_NAME = AppIcon;
				ASSETCATALOG_COMPILER_GLOBAL_ACCENT_COLOR_NAME = AccentColor;
				CODE_SIGN_STYLE = Automatic;
				CURRENT_PROJECT_VERSION = 1;
				DEVELOPMENT_TEAM = MS7C6XU24H;
				GENERATE_INFOPLIST_FILE = YES;
				INFOPLIST_FILE = UsersApp/Info.plist;
				INFOPLIST_KEY_UIApplicationSupportsIndirectInputEvents = YES;
				INFOPLIST_KEY_UILaunchStoryboardName = LaunchScreen;
				INFOPLIST_KEY_UIMainStoryboardFile = Main;
				INFOPLIST_KEY_UISupportedInterfaceOrientations_iPad = "UIInterfaceOrientationPortrait UIInterfaceOrientationPortraitUpsideDown UIInterfaceOrientationLandscapeLeft UIInterfaceOrientationLandscapeRight";
				INFOPLIST_KEY_UISupportedInterfaceOrientations_iPhone = "UIInterfaceOrientationPortrait UIInterfaceOrientationLandscapeLeft UIInterfaceOrientationLandscapeRight";
				LD_RUNPATH_SEARCH_PATHS = (
					"$(inherited)",
					"@executable_path/Frameworks",
				);
				MARKETING_VERSION = 1.0;
				PRODUCT_BUNDLE_IDENTIFIER = fifth.UsersApp;
				PRODUCT_NAME = "$(TARGET_NAME)";
				SWIFT_EMIT_LOC_STRINGS = YES;
				SWIFT_VERSION = 5.0;
				TARGETED_DEVICE_FAMILY = "1,2";
			};
			name = Debug;
		};
		92D861D3285D054600B5388C /* Release */ = {
			isa = XCBuildConfiguration;
			baseConfigurationReference = E5AB4473834C49A0E4889344 /* Pods-UsersApp.release.xcconfig */;
			buildSettings = {
				ASSETCATALOG_COMPILER_APPICON_NAME = AppIcon;
				ASSETCATALOG_COMPILER_GLOBAL_ACCENT_COLOR_NAME = AccentColor;
				CODE_SIGN_STYLE = Automatic;
				CURRENT_PROJECT_VERSION = 1;
				DEVELOPMENT_TEAM = MS7C6XU24H;
				GENERATE_INFOPLIST_FILE = YES;
				INFOPLIST_FILE = UsersApp/Info.plist;
				INFOPLIST_KEY_UIApplicationSupportsIndirectInputEvents = YES;
				INFOPLIST_KEY_UILaunchStoryboardName = LaunchScreen;
				INFOPLIST_KEY_UIMainStoryboardFile = Main;
				INFOPLIST_KEY_UISupportedInterfaceOrientations_iPad = "UIInterfaceOrientationPortrait UIInterfaceOrientationPortraitUpsideDown UIInterfaceOrientationLandscapeLeft UIInterfaceOrientationLandscapeRight";
				INFOPLIST_KEY_UISupportedInterfaceOrientations_iPhone = "UIInterfaceOrientationPortrait UIInterfaceOrientationLandscapeLeft UIInterfaceOrientationLandscapeRight";
				LD_RUNPATH_SEARCH_PATHS = (
					"$(inherited)",
					"@executable_path/Frameworks",
				);
				MARKETING_VERSION = 1.0;
				PRODUCT_BUNDLE_IDENTIFIER = fifth.UsersApp;
				PRODUCT_NAME = "$(TARGET_NAME)";
				SWIFT_EMIT_LOC_STRINGS = YES;
				SWIFT_VERSION = 5.0;
				TARGETED_DEVICE_FAMILY = "1,2";
			};
			name = Release;
		};
		92D861D5285D054600B5388C /* Debug */ = {
			isa = XCBuildConfiguration;
			buildSettings = {
				ALWAYS_EMBED_SWIFT_STANDARD_LIBRARIES = YES;
				BUNDLE_LOADER = "$(TEST_HOST)";
				CODE_SIGN_STYLE = Automatic;
				CURRENT_PROJECT_VERSION = 1;
				DEVELOPMENT_TEAM = GL84DWF45J;
				GENERATE_INFOPLIST_FILE = YES;
				IPHONEOS_DEPLOYMENT_TARGET = 15.2;
				MARKETING_VERSION = 1.0;
				PRODUCT_BUNDLE_IDENTIFIER = fifth.UsersAppTests;
				PRODUCT_NAME = "$(TARGET_NAME)";
				SWIFT_EMIT_LOC_STRINGS = NO;
				SWIFT_VERSION = 5.0;
				TARGETED_DEVICE_FAMILY = "1,2";
				TEST_HOST = "$(BUILT_PRODUCTS_DIR)/UsersApp.app/UsersApp";
			};
			name = Debug;
		};
		92D861D6285D054600B5388C /* Release */ = {
			isa = XCBuildConfiguration;
			buildSettings = {
				ALWAYS_EMBED_SWIFT_STANDARD_LIBRARIES = YES;
				BUNDLE_LOADER = "$(TEST_HOST)";
				CODE_SIGN_STYLE = Automatic;
				CURRENT_PROJECT_VERSION = 1;
				DEVELOPMENT_TEAM = GL84DWF45J;
				GENERATE_INFOPLIST_FILE = YES;
				IPHONEOS_DEPLOYMENT_TARGET = 15.2;
				MARKETING_VERSION = 1.0;
				PRODUCT_BUNDLE_IDENTIFIER = fifth.UsersAppTests;
				PRODUCT_NAME = "$(TARGET_NAME)";
				SWIFT_EMIT_LOC_STRINGS = NO;
				SWIFT_VERSION = 5.0;
				TARGETED_DEVICE_FAMILY = "1,2";
				TEST_HOST = "$(BUILT_PRODUCTS_DIR)/UsersApp.app/UsersApp";
			};
			name = Release;
		};
		92D861D8285D054600B5388C /* Debug */ = {
			isa = XCBuildConfiguration;
			buildSettings = {
				ALWAYS_EMBED_SWIFT_STANDARD_LIBRARIES = YES;
				CODE_SIGN_STYLE = Automatic;
				CURRENT_PROJECT_VERSION = 1;
				DEVELOPMENT_TEAM = GL84DWF45J;
				GENERATE_INFOPLIST_FILE = YES;
				MARKETING_VERSION = 1.0;
				PRODUCT_BUNDLE_IDENTIFIER = fifth.UsersAppUITests;
				PRODUCT_NAME = "$(TARGET_NAME)";
				SWIFT_EMIT_LOC_STRINGS = NO;
				SWIFT_VERSION = 5.0;
				TARGETED_DEVICE_FAMILY = "1,2";
				TEST_TARGET_NAME = UsersApp;
			};
			name = Debug;
		};
		92D861D9285D054600B5388C /* Release */ = {
			isa = XCBuildConfiguration;
			buildSettings = {
				ALWAYS_EMBED_SWIFT_STANDARD_LIBRARIES = YES;
				CODE_SIGN_STYLE = Automatic;
				CURRENT_PROJECT_VERSION = 1;
				DEVELOPMENT_TEAM = GL84DWF45J;
				GENERATE_INFOPLIST_FILE = YES;
				MARKETING_VERSION = 1.0;
				PRODUCT_BUNDLE_IDENTIFIER = fifth.UsersAppUITests;
				PRODUCT_NAME = "$(TARGET_NAME)";
				SWIFT_EMIT_LOC_STRINGS = NO;
				SWIFT_VERSION = 5.0;
				TARGETED_DEVICE_FAMILY = "1,2";
				TEST_TARGET_NAME = UsersApp;
			};
			name = Release;
		};
/* End XCBuildConfiguration section */

/* Begin XCConfigurationList section */
		92D861A2285D054500B5388C /* Build configuration list for PBXProject "UsersApp" */ = {
			isa = XCConfigurationList;
			buildConfigurations = (
				92D861CF285D054600B5388C /* Debug */,
				92D861D0285D054600B5388C /* Release */,
			);
			defaultConfigurationIsVisible = 0;
			defaultConfigurationName = Release;
		};
		92D861D1285D054600B5388C /* Build configuration list for PBXNativeTarget "UsersApp" */ = {
			isa = XCConfigurationList;
			buildConfigurations = (
				92D861D2285D054600B5388C /* Debug */,
				92D861D3285D054600B5388C /* Release */,
			);
			defaultConfigurationIsVisible = 0;
			defaultConfigurationName = Release;
		};
		92D861D4285D054600B5388C /* Build configuration list for PBXNativeTarget "UsersAppTests" */ = {
			isa = XCConfigurationList;
			buildConfigurations = (
				92D861D5285D054600B5388C /* Debug */,
				92D861D6285D054600B5388C /* Release */,
			);
			defaultConfigurationIsVisible = 0;
			defaultConfigurationName = Release;
		};
		92D861D7285D054600B5388C /* Build configuration list for PBXNativeTarget "UsersAppUITests" */ = {
			isa = XCConfigurationList;
			buildConfigurations = (
				92D861D8285D054600B5388C /* Debug */,
				92D861D9285D054600B5388C /* Release */,
			);
			defaultConfigurationIsVisible = 0;
			defaultConfigurationName = Release;
		};
/* End XCConfigurationList section */
	};
	rootObject = 92D8619F285D054500B5388C /* Project object */;
}
